
Microsoft Visual Studio Solution File, Format Version 12.00
# Visual Studio 2012
Project("{8BC9CEB8-8B4A-11D0-8D11-00A0C91BC942}") = "lab1", "lab1\lab1.vcxproj", "{862F541D-5BB1-4007-985C-62FE58E60E07}"
EndProject
Project("{8BC9CEB8-8B4A-11D0-8D11-00A0C91BC942}") = "lab2", "..\lab2\lab2\lab2.vcxproj", "{6D26CE16-9A31-465B-B6B5-671916CB3C46}"
EndProject
Global
	GlobalSection(SolutionConfigurationPlatforms) = preSolution
		Debug|Win32 = Debug|Win32
		Release|Win32 = Release|Win32
	EndGlobalSection
	GlobalSection(ProjectConfigurationPlatforms) = postSolution
		{862F541D-5BB1-4007-985C-62FE58E60E07}.Debug|Win32.ActiveCfg = Debug|Win32
		{862F541D-5BB1-4007-985C-62FE58E60E07}.Debug|Win32.Build.0 = Debug|Win32
		{862F541D-5BB1-4007-985C-62FE58E60E07}.Release|Win32.ActiveCfg = Release|Win32
		{862F541D-5BB1-4007-985C-62FE58E60E07}.Release|Win32.Build.0 = Release|Win32
		{6D26CE16-9A31-465B-B6B5-671916CB3C46}.Debug|Win32.ActiveCfg = Debug|Win32
		{6D26CE16-9A31-465B-B6B5-671916CB3C46}.Debug|Win32.Build.0 = Debug|Win32
		{6D26CE16-9A31-465B-B6B5-671916CB3C46}.Release|Win32.ActiveCfg = Release|Win32
		{6D26CE16-9A31-465B-B6B5-671916CB3C46}.Release|Win32.Build.0 = Release|Win32
	EndGlobalSection
	GlobalSection(SolutionProperties) = preSolution
		HideSolutionNode = FALSE
	EndGlobalSection
EndGlobal
